// !$*UTF8*$!
{
	archiveVersion = 1;
	classes = {
	};
	objectVersion = 46;
	objects = {

/* Begin PBXBuildFile section */
		8E9B0A271A3B7DFE003B3C9E /* AudioUnit.framework in Frameworks */ = {isa = PBXBuildFile; fileRef = 8E9B0A261A3B7DFE003B3C9E /* AudioUnit.framework */; };
		8E9B0A291A3DA0F4003B3C9E /* Cocoa.framework in Frameworks */ = {isa = PBXBuildFile; fileRef = 8E9B0A281A3DA0F4003B3C9E /* Cocoa.framework */; };
		8EBD23681A33A7CA00895063 /* main.mm in Sources */ = {isa = PBXBuildFile; fileRef = 8EBD23671A33A7CA00895063 /* main.mm */; };
		8EF607371A40531F00FAFB41 /* IOKit.framework in Frameworks */ = {isa = PBXBuildFile; fileRef = 8EF607361A40531F00FAFB41 /* IOKit.framework */; };
/* End PBXBuildFile section */

/* Begin PBXCopyFilesBuildPhase section */
		8EBD23621A33A7CA00895063 /* CopyFiles */ = {
			isa = PBXCopyFilesBuildPhase;
			buildActionMask = 2147483647;
			dstPath = /usr/share/man/man1/;
			dstSubfolderSpec = 0;
			files = (
			);
			runOnlyForDeploymentPostprocessing = 1;
		};
/* End PBXCopyFilesBuildPhase section */

/* Begin PBXFileReference section */
		8E9B0A261A3B7DFE003B3C9E /* AudioUnit.framework */ = {isa = PBXFileReference; lastKnownFileType = wrapper.framework; name = AudioUnit.framework; path = System/Library/Frameworks/AudioUnit.framework; sourceTree = SDKROOT; };
		8E9B0A281A3DA0F4003B3C9E /* Cocoa.framework */ = {isa = PBXFileReference; lastKnownFileType = wrapper.framework; name = Cocoa.framework; path = System/Library/Frameworks/Cocoa.framework; sourceTree = SDKROOT; };
		8EBD23641A33A7CA00895063 /* catest */ = {isa = PBXFileReference; explicitFileType = "compiled.mach-o.executable"; includeInIndex = 0; path = catest; sourceTree = BUILT_PRODUCTS_DIR; };
		8EBD23671A33A7CA00895063 /* main.mm */ = {isa = PBXFileReference; lastKnownFileType = sourcecode.cpp.objcpp; path = main.mm; sourceTree = "<group>"; };
		8EF607361A40531F00FAFB41 /* IOKit.framework */ = {isa = PBXFileReference; lastKnownFileType = wrapper.framework; name = IOKit.framework; path = System/Library/Frameworks/IOKit.framework; sourceTree = SDKROOT; };
/* End PBXFileReference section */

/* Begin PBXFrameworksBuildPhase section */
		8EBD23611A33A7CA00895063 /* Frameworks */ = {
			isa = PBXFrameworksBuildPhase;
			buildActionMask = 2147483647;
			files = (
				8EF607371A40531F00FAFB41 /* IOKit.framework in Frameworks */,
				8E9B0A291A3DA0F4003B3C9E /* Cocoa.framework in Frameworks */,
				8E9B0A271A3B7DFE003B3C9E /* AudioUnit.framework in Frameworks */,
			);
			runOnlyForDeploymentPostprocessing = 0;
		};
/* End PBXFrameworksBuildPhase section */

/* Begin PBXGroup section */
		8E9B0A2A1A3DA0FE003B3C9E /* Frameworks */ = {
			isa = PBXGroup;
			children = (
				8EF607361A40531F00FAFB41 /* IOKit.framework */,
				8E9B0A261A3B7DFE003B3C9E /* AudioUnit.framework */,
				8E9B0A281A3DA0F4003B3C9E /* Cocoa.framework */,
			);
			name = Frameworks;
			sourceTree = "<group>";
		};
		8EBD235B1A33A7CA00895063 = {
			isa = PBXGroup;
			children = (
				8EBD23661A33A7CA00895063 /* catest */,
				8EBD23651A33A7CA00895063 /* Products */,
				8E9B0A2A1A3DA0FE003B3C9E /* Frameworks */,
			);
			sourceTree = "<group>";
		};
		8EBD23651A33A7CA00895063 /* Products */ = {
			isa = PBXGroup;
			children = (
				8EBD23641A33A7CA00895063 /* catest */,
			);
			name = Products;
			sourceTree = "<group>";
		};
		8EBD23661A33A7CA00895063 /* catest */ = {
			isa = PBXGroup;
			children = (
				8EBD23671A33A7CA00895063 /* main.mm */,
			);
			path = catest;
			sourceTree = "<group>";
		};
/* End PBXGroup section */

/* Begin PBXNativeTarget section */
		8EBD23631A33A7CA00895063 /* catest */ = {
			isa = PBXNativeTarget;
			buildConfigurationList = 8EBD236B1A33A7CA00895063 /* Build configuration list for PBXNativeTarget "catest" */;
			buildPhases = (
				8EBD23601A33A7CA00895063 /* Sources */,
				8EBD23611A33A7CA00895063 /* Frameworks */,
				8EBD23621A33A7CA00895063 /* CopyFiles */,
			);
			buildRules = (
			);
			dependencies = (
			);
			name = catest;
			productName = catest;
			productReference = 8EBD23641A33A7CA00895063 /* catest */;
			productType = "com.apple.product-type.tool";
		};
/* End PBXNativeTarget section */

/* Begin PBXProject section */
		8EBD235C1A33A7CA00895063 /* Project object */ = {
			isa = PBXProject;
			attributes = {
				LastUpgradeCheck = 0610;
				ORGANIZATIONNAME = "logic-dream";
				TargetAttributes = {
					8EBD23631A33A7CA00895063 = {
						CreatedOnToolsVersion = 6.1.1;
					};
				};
			};
			buildConfigurationList = 8EBD235F1A33A7CA00895063 /* Build configuration list for PBXProject "catest" */;
			compatibilityVersion = "Xcode 3.2";
			developmentRegion = English;
			hasScannedForEncodings = 0;
			knownRegions = (
				en,
			);
			mainGroup = 8EBD235B1A33A7CA00895063;
			productRefGroup = 8EBD23651A33A7CA00895063 /* Products */;
			projectDirPath = "";
			projectRoot = "";
			targets = (
				8EBD23631A33A7CA00895063 /* catest */,
			);
		};
/* End PBXProject section */

/* Begin PBXSourcesBuildPhase section */
		8EBD23601A33A7CA00895063 /* Sources */ = {
			isa = PBXSourcesBuildPhase;
			buildActionMask = 2147483647;
			files = (
				8EBD23681A33A7CA00895063 /* main.mm in Sources */,
			);
			runOnlyForDeploymentPostprocessing = 0;
		};
/* End PBXSourcesBuildPhase section */

/* Begin XCBuildConfiguration section */
		8EBD23691A33A7CA00895063 /* Debug */ = {
			isa = XCBuildConfiguration;
			buildSettings = {
				ALWAYS_SEARCH_USER_PATHS = NO;
				CLANG_CXX_LANGUAGE_STANDARD = "gnu++0x";
				CLANG_CXX_LIBRARY = "libc++";
				CLANG_ENABLE_MODULES = YES;
				CLANG_ENABLE_OBJC_ARC = YES;
				CLANG_WARN_BOOL_CONVERSION = YES;
				CLANG_WARN_CONSTANT_CONVERSION = YES;
				CLANG_WARN_DIRECT_OBJC_ISA_USAGE = YES_ERROR;
				CLANG_WARN_EMPTY_BODY = YES;
				CLANG_WARN_ENUM_CONVERSION = YES;
				CLANG_WARN_INT_CONVERSION = YES;
				CLANG_WARN_OBJC_ROOT_CLASS = YES_ERROR;
				CLANG_WARN_UNREACHABLE_CODE = YES;
				CLANG_WARN__DUPLICATE_METHOD_MATCH = YES;
				COPY_PHASE_STRIP = NO;
				ENABLE_STRICT_OBJC_MSGSEND = YES;
				GCC_C_LANGUAGE_STANDARD = gnu99;
				GCC_DYNAMIC_NO_PIC = NO;
				GCC_OPTIMIZATION_LEVEL = 0;
				GCC_PREPROCESSOR_DEFINITIONS = (
					"DEBUG=1",
					"$(inherited)",
				);
				GCC_SYMBOLS_PRIVATE_EXTERN = NO;
				GCC_WARN_64_TO_32_BIT_CONVERSION = YES;
				GCC_WARN_ABOUT_RETURN_TYPE = YES_ERROR;
				GCC_WARN_UNDECLARED_SELECTOR = YES;
				GCC_WARN_UNINITIALIZED_AUTOS = YES_AGGRESSIVE;
				GCC_WARN_UNUSED_FUNCTION = YES;
				GCC_WARN_UNUSED_VARIABLE = YES;
				MACOSX_DEPLOYMENT_TARGET = 10.10;
				MTL_ENABLE_DEBUG_INFO = YES;
				ONLY_ACTIVE_ARCH = YES;
				SDKROOT = macosx;
			};
			name = Debug;
		};
		8EBD236A1A33A7CA00895063 /* Release */ = {
			isa = XCBuildConfiguration;
			buildSettings = {
				ALWAYS_SEARCH_USER_PATHS = NO;
				CLANG_CXX_LANGUAGE_STANDARD = "gnu++0x";
				CLANG_CXX_LIBRARY = "libc++";
				CLANG_ENABLE_MODULES = YES;
				CLANG_ENABLE_OBJC_ARC = YES;
				CLANG_WARN_BOOL_CONVERSION = YES;
				CLANG_WARN_CONSTANT_CONVERSION = YES;
				CLANG_WARN_DIRECT_OBJC_ISA_USAGE = YES_ERROR;
				CLANG_WARN_EMPTY_BODY = YES;
				CLANG_WARN_ENUM_CONVERSION = YES;
				CLANG_WARN_INT_CONVERSION = YES;
				CLANG_WARN_OBJC_ROOT_CLASS = YES_ERROR;
				CLANG_WARN_UNREACHABLE_CODE = YES;
				CLANG_WARN__DUPLICATE_METHOD_MATCH = YES;
				COPY_PHASE_STRIP = YES;
				DEBUG_INFORMATION_FORMAT = "dwarf-with-dsym";
				ENABLE_NS_ASSERTIONS = NO;
				ENABLE_STRICT_OBJC_MSGSEND = YES;
				GCC_C_LANGUAGE_STANDARD = gnu99;
				GCC_WARN_64_TO_32_BIT_CONVERSION = YES;
				GCC_WARN_ABOUT_RETURN_TYPE = YES_ERROR;
				GCC_WARN_UNDECLARED_SELECTOR = YES;
				GCC_WARN_UNINITIALIZED_AUTOS = YES_AGGRESSIVE;
				GCC_WARN_UNUSED_FUNCTION = YES;
				GCC_WARN_UNUSED_VARIABLE = YES;
				MACOSX_DEPLOYMENT_TARGET = 10.10;
				MTL_ENABLE_DEBUG_INFO = NO;
				SDKROOT = macosx;
			};
			name = Release;
		};
		8EBD236C1A33A7CA00895063 /* Debug */ = {
			isa = XCBuildConfiguration;
			buildSettings = {
				PRODUCT_NAME = "$(TARGET_NAME)";
			};
			name = Debug;
		};
		8EBD236D1A33A7CA00895063 /* Release */ = {
			isa = XCBuildConfiguration;
			buildSettings = {
				PRODUCT_NAME = "$(TARGET_NAME)";
			};
			name = Release;
		};
/* End XCBuildConfiguration section */

/* Begin XCConfigurationList section */
		8EBD235F1A33A7CA00895063 /* Build configuration list for PBXProject "catest" */ = {
			isa = XCConfigurationList;
			buildConfigurations = (
				8EBD23691A33A7CA00895063 /* Debug */,
				8EBD236A1A33A7CA00895063 /* Release */,
			);
			defaultConfigurationIsVisible = 0;
			defaultConfigurationName = Release;
		};
		8EBD236B1A33A7CA00895063 /* Build configuration list for PBXNativeTarget "catest" */ = {
			isa = XCConfigurationList;
			buildConfigurations = (
				8EBD236C1A33A7CA00895063 /* Debug */,
				8EBD236D1A33A7CA00895063 /* Release */,
			);
			defaultConfigurationIsVisible = 0;
			defaultConfigurationName = Release;
		};
/* End XCConfigurationList section */
	};
	rootObject = 8EBD235C1A33A7CA00895063 /* Project object */;
}
